// !$*UTF8*$!
{
	archiveVersion = 1;
	classes = {
	};
	objectVersion = 46;
	objects = {

/* Begin PBXBuildFile section */
		1C7E70F1009CA717A14A6866 /* libPods-SIP.a in Frameworks */ = {isa = PBXBuildFile; fileRef = 038BA7B71D1D223DF3B52280 /* libPods-SIP.a */; };
		D59ECADD1C93EA0D0043CFF3 /* AppDelegate.swift in Sources */ = {isa = PBXBuildFile; fileRef = D59ECADC1C93EA0D0043CFF3 /* AppDelegate.swift */; };
		D59ECAE21C93EA0D0043CFF3 /* Main.storyboard in Resources */ = {isa = PBXBuildFile; fileRef = D59ECAE01C93EA0D0043CFF3 /* Main.storyboard */; };
		D59ECAE41C93EA0E0043CFF3 /* Assets.xcassets in Resources */ = {isa = PBXBuildFile; fileRef = D59ECAE31C93EA0E0043CFF3 /* Assets.xcassets */; };
		D59ECAE71C93EA0E0043CFF3 /* LaunchScreen.storyboard in Resources */ = {isa = PBXBuildFile; fileRef = D59ECAE51C93EA0E0043CFF3 /* LaunchScreen.storyboard */; };
		D59ECAF21C93EA0E0043CFF3 /* SIPTests.swift in Sources */ = {isa = PBXBuildFile; fileRef = D59ECAF11C93EA0E0043CFF3 /* SIPTests.swift */; };
		D59ECAFD1C93EA0E0043CFF3 /* SIPUITests.swift in Sources */ = {isa = PBXBuildFile; fileRef = D59ECAFC1C93EA0E0043CFF3 /* SIPUITests.swift */; };
		D59ECB361C93F1E30043CFF3 /* icon_sip_1024.png in Resources */ = {isa = PBXBuildFile; fileRef = D59ECB351C93F1E30043CFF3 /* icon_sip_1024.png */; };
		D59ECB381C93FAA00043CFF3 /* SipCalculatorViewController.swift in Sources */ = {isa = PBXBuildFile; fileRef = D59ECB371C93FAA00043CFF3 /* SipCalculatorViewController.swift */; };
		D5BE48961C9C401E00C36DD4 /* Default-568h@2x.png in Resources */ = {isa = PBXBuildFile; fileRef = D5BE48931C9C401E00C36DD4 /* Default-568h@2x.png */; };
		D5BE48971C9C401E00C36DD4 /* Default.png in Resources */ = {isa = PBXBuildFile; fileRef = D5BE48941C9C401E00C36DD4 /* Default.png */; };
		D5BE48981C9C401E00C36DD4 /* Default@2x.png in Resources */ = {isa = PBXBuildFile; fileRef = D5BE48951C9C401E00C36DD4 /* Default@2x.png */; };
/* End PBXBuildFile section */

/* Begin PBXContainerItemProxy section */
		D59ECAEE1C93EA0E0043CFF3 /* PBXContainerItemProxy */ = {
			isa = PBXContainerItemProxy;
			containerPortal = D59ECAD11C93EA0D0043CFF3 /* Project object */;
			proxyType = 1;
			remoteGlobalIDString = D59ECAD81C93EA0D0043CFF3;
			remoteInfo = SIP;
		};
		D59ECAF91C93EA0E0043CFF3 /* PBXContainerItemProxy */ = {
			isa = PBXContainerItemProxy;
			containerPortal = D59ECAD11C93EA0D0043CFF3 /* Project object */;
			proxyType = 1;
			remoteGlobalIDString = D59ECAD81C93EA0D0043CFF3;
			remoteInfo = SIP;
		};
/* End PBXContainerItemProxy section */

/* Begin PBXFileReference section */
		038BA7B71D1D223DF3B52280 /* libPods-SIP.a */ = {isa = PBXFileReference; explicitFileType = archive.ar; includeInIndex = 0; path = "libPods-SIP.a"; sourceTree = BUILT_PRODUCTS_DIR; };
		13CB12E0F4F671AF271245B1 /* Pods-SIP.debug.xcconfig */ = {isa = PBXFileReference; includeInIndex = 1; lastKnownFileType = text.xcconfig; name = "Pods-SIP.debug.xcconfig"; path = "Pods/Target Support Files/Pods-SIP/Pods-SIP.debug.xcconfig"; sourceTree = "<group>"; };
		9E65EC2407A4F7B95F82C05B /* Pods-SIP.release.xcconfig */ = {isa = PBXFileReference; includeInIndex = 1; lastKnownFileType = text.xcconfig; name = "Pods-SIP.release.xcconfig"; path = "Pods/Target Support Files/Pods-SIP/Pods-SIP.release.xcconfig"; sourceTree = "<group>"; };
		D59ECAD91C93EA0D0043CFF3 /* SIP.app */ = {isa = PBXFileReference; explicitFileType = wrapper.application; includeInIndex = 0; path = SIP.app; sourceTree = BUILT_PRODUCTS_DIR; };
		D59ECADC1C93EA0D0043CFF3 /* AppDelegate.swift */ = {isa = PBXFileReference; lastKnownFileType = sourcecode.swift; path = AppDelegate.swift; sourceTree = "<group>"; };
		D59ECAE11C93EA0D0043CFF3 /* Base */ = {isa = PBXFileReference; lastKnownFileType = file.storyboard; name = Base; path = Base.lproj/Main.storyboard; sourceTree = "<group>"; };
		D59ECAE31C93EA0E0043CFF3 /* Assets.xcassets */ = {isa = PBXFileReference; lastKnownFileType = folder.assetcatalog; path = Assets.xcassets; sourceTree = "<group>"; };
		D59ECAE61C93EA0E0043CFF3 /* Base */ = {isa = PBXFileReference; lastKnownFileType = file.storyboard; name = Base; path = Base.lproj/LaunchScreen.storyboard; sourceTree = "<group>"; };
		D59ECAE81C93EA0E0043CFF3 /* Info.plist */ = {isa = PBXFileReference; lastKnownFileType = text.plist.xml; path = Info.plist; sourceTree = "<group>"; };
		D59ECAED1C93EA0E0043CFF3 /* SIPTests.xctest */ = {isa = PBXFileReference; explicitFileType = wrapper.cfbundle; includeInIndex = 0; path = SIPTests.xctest; sourceTree = BUILT_PRODUCTS_DIR; };
		D59ECAF11C93EA0E0043CFF3 /* SIPTests.swift */ = {isa = PBXFileReference; lastKnownFileType = sourcecode.swift; path = SIPTests.swift; sourceTree = "<group>"; };
		D59ECAF31C93EA0E0043CFF3 /* Info.plist */ = {isa = PBXFileReference; lastKnownFileType = text.plist.xml; path = Info.plist; sourceTree = "<group>"; };
		D59ECAF81C93EA0E0043CFF3 /* SIPUITests.xctest */ = {isa = PBXFileReference; explicitFileType = wrapper.cfbundle; includeInIndex = 0; path = SIPUITests.xctest; sourceTree = BUILT_PRODUCTS_DIR; };
		D59ECAFC1C93EA0E0043CFF3 /* SIPUITests.swift */ = {isa = PBXFileReference; lastKnownFileType = sourcecode.swift; path = SIPUITests.swift; sourceTree = "<group>"; };
		D59ECAFE1C93EA0E0043CFF3 /* Info.plist */ = {isa = PBXFileReference; lastKnownFileType = text.plist.xml; path = Info.plist; sourceTree = "<group>"; };
		D59ECB351C93F1E30043CFF3 /* icon_sip_1024.png */ = {isa = PBXFileReference; lastKnownFileType = image.png; path = icon_sip_1024.png; sourceTree = "<group>"; };
		D59ECB371C93FAA00043CFF3 /* SipCalculatorViewController.swift */ = {isa = PBXFileReference; fileEncoding = 4; lastKnownFileType = sourcecode.swift; path = SipCalculatorViewController.swift; sourceTree = "<group>"; wrapsLines = 0; };
		D5BE48931C9C401E00C36DD4 /* Default-568h@2x.png */ = {isa = PBXFileReference; lastKnownFileType = image.png; path = "Default-568h@2x.png"; sourceTree = "<group>"; };
		D5BE48941C9C401E00C36DD4 /* Default.png */ = {isa = PBXFileReference; lastKnownFileType = image.png; path = Default.png; sourceTree = "<group>"; };
		D5BE48951C9C401E00C36DD4 /* Default@2x.png */ = {isa = PBXFileReference; lastKnownFileType = image.png; path = "Default@2x.png"; sourceTree = "<group>"; };
		D5E5E7C81C9D1D3B004D6620 /* SIP-Bridging-Header.h */ = {isa = PBXFileReference; fileEncoding = 4; lastKnownFileType = sourcecode.c.h; path = "SIP-Bridging-Header.h"; sourceTree = SOURCE_ROOT; };
/* End PBXFileReference section */

/* Begin PBXFrameworksBuildPhase section */
		D59ECAD61C93EA0D0043CFF3 /* Frameworks */ = {
			isa = PBXFrameworksBuildPhase;
			buildActionMask = 2147483647;
			files = (
				1C7E70F1009CA717A14A6866 /* libPods-SIP.a in Frameworks */,
			);
			runOnlyForDeploymentPostprocessing = 0;
		};
		D59ECAEA1C93EA0E0043CFF3 /* Frameworks */ = {
			isa = PBXFrameworksBuildPhase;
			buildActionMask = 2147483647;
			files = (
			);
			runOnlyForDeploymentPostprocessing = 0;
		};
		D59ECAF51C93EA0E0043CFF3 /* Frameworks */ = {
			isa = PBXFrameworksBuildPhase;
			buildActionMask = 2147483647;
			files = (
			);
			runOnlyForDeploymentPostprocessing = 0;
		};
/* End PBXFrameworksBuildPhase section */

/* Begin PBXGroup section */
		38938353270FE59AAEF192D3 /* Pods */ = {
			isa = PBXGroup;
			children = (
				13CB12E0F4F671AF271245B1 /* Pods-SIP.debug.xcconfig */,
				9E65EC2407A4F7B95F82C05B /* Pods-SIP.release.xcconfig */,
			);
			name = Pods;
			sourceTree = "<group>";
		};
		4764D2EAD017BC2EDB3A5A1B /* Frameworks */ = {
			isa = PBXGroup;
			children = (
				038BA7B71D1D223DF3B52280 /* libPods-SIP.a */,
			);
			name = Frameworks;
			sourceTree = "<group>";
		};
		D59ECAD01C93EA0D0043CFF3 = {
			isa = PBXGroup;
			children = (
				D59ECADB1C93EA0D0043CFF3 /* SIP */,
				D59ECAF01C93EA0E0043CFF3 /* SIPTests */,
				D59ECAFB1C93EA0E0043CFF3 /* SIPUITests */,
				D59ECADA1C93EA0D0043CFF3 /* Products */,
				38938353270FE59AAEF192D3 /* Pods */,
				4764D2EAD017BC2EDB3A5A1B /* Frameworks */,
			);
			sourceTree = "<group>";
		};
		D59ECADA1C93EA0D0043CFF3 /* Products */ = {
			isa = PBXGroup;
			children = (
				D59ECAD91C93EA0D0043CFF3 /* SIP.app */,
				D59ECAED1C93EA0E0043CFF3 /* SIPTests.xctest */,
				D59ECAF81C93EA0E0043CFF3 /* SIPUITests.xctest */,
			);
			name = Products;
			sourceTree = "<group>";
		};
		D59ECADB1C93EA0D0043CFF3 /* SIP */ = {
			isa = PBXGroup;
			children = (
				D5E5E7C81C9D1D3B004D6620 /* SIP-Bridging-Header.h */,
				D59ECADC1C93EA0D0043CFF3 /* AppDelegate.swift */,
				D59ECB371C93FAA00043CFF3 /* SipCalculatorViewController.swift */,
				D59ECB341C93F1E30043CFF3 /* Resources */,
				D59ECAE01C93EA0D0043CFF3 /* Main.storyboard */,
				D59ECAE31C93EA0E0043CFF3 /* Assets.xcassets */,
				D59ECAE51C93EA0E0043CFF3 /* LaunchScreen.storyboard */,
				D59ECAE81C93EA0E0043CFF3 /* Info.plist */,
			);
			path = SIP;
			sourceTree = "<group>";
		};
		D59ECAF01C93EA0E0043CFF3 /* SIPTests */ = {
			isa = PBXGroup;
			children = (
				D59ECAF11C93EA0E0043CFF3 /* SIPTests.swift */,
				D59ECAF31C93EA0E0043CFF3 /* Info.plist */,
			);
			path = SIPTests;
			sourceTree = "<group>";
		};
		D59ECAFB1C93EA0E0043CFF3 /* SIPUITests */ = {
			isa = PBXGroup;
			children = (
				D59ECAFC1C93EA0E0043CFF3 /* SIPUITests.swift */,
				D59ECAFE1C93EA0E0043CFF3 /* Info.plist */,
			);
			path = SIPUITests;
			sourceTree = "<group>";
		};
		D59ECB341C93F1E30043CFF3 /* Resources */ = {
			isa = PBXGroup;
			children = (
				D59ECB351C93F1E30043CFF3 /* icon_sip_1024.png */,
				D5BE48931C9C401E00C36DD4 /* Default-568h@2x.png */,
				D5BE48941C9C401E00C36DD4 /* Default.png */,
				D5BE48951C9C401E00C36DD4 /* Default@2x.png */,
			);
			name = Resources;
			path = SIP/Resources;
			sourceTree = SOURCE_ROOT;
		};
/* End PBXGroup section */

/* Begin PBXNativeTarget section */
		D59ECAD81C93EA0D0043CFF3 /* SIP */ = {
			isa = PBXNativeTarget;
			buildConfigurationList = D59ECB011C93EA0E0043CFF3 /* Build configuration list for PBXNativeTarget "SIP" */;
			buildPhases = (
				2C00AD1F61CEDD55C7AAC86D /* [CP] Check Pods Manifest.lock */,
				D59ECAD51C93EA0D0043CFF3 /* Sources */,
				D59ECAD61C93EA0D0043CFF3 /* Frameworks */,
				D59ECAD71C93EA0D0043CFF3 /* Resources */,
				D5579D151DDEDC8C0074AA6B /* ShellScript */,
				AFD07D952FA3D775A5E87E31 /* [CP] Embed Pods Frameworks */,
				E84DB2FBA4E6A2895C3E7D0C /* [CP] Copy Pods Resources */,
			);
			buildRules = (
			);
			dependencies = (
			);
			name = SIP;
			productName = SIP;
			productReference = D59ECAD91C93EA0D0043CFF3 /* SIP.app */;
			productType = "com.apple.product-type.application";
		};
		D59ECAEC1C93EA0E0043CFF3 /* SIPTests */ = {
			isa = PBXNativeTarget;
			buildConfigurationList = D59ECB041C93EA0E0043CFF3 /* Build configuration list for PBXNativeTarget "SIPTests" */;
			buildPhases = (
				D59ECAE91C93EA0E0043CFF3 /* Sources */,
				D59ECAEA1C93EA0E0043CFF3 /* Frameworks */,
				D59ECAEB1C93EA0E0043CFF3 /* Resources */,
			);
			buildRules = (
			);
			dependencies = (
				D59ECAEF1C93EA0E0043CFF3 /* PBXTargetDependency */,
			);
			name = SIPTests;
			productName = SIPTests;
			productReference = D59ECAED1C93EA0E0043CFF3 /* SIPTests.xctest */;
			productType = "com.apple.product-type.bundle.unit-test";
		};
		D59ECAF71C93EA0E0043CFF3 /* SIPUITests */ = {
			isa = PBXNativeTarget;
			buildConfigurationList = D59ECB071C93EA0E0043CFF3 /* Build configuration list for PBXNativeTarget "SIPUITests" */;
			buildPhases = (
				D59ECAF41C93EA0E0043CFF3 /* Sources */,
				D59ECAF51C93EA0E0043CFF3 /* Frameworks */,
				D59ECAF61C93EA0E0043CFF3 /* Resources */,
			);
			buildRules = (
			);
			dependencies = (
				D59ECAFA1C93EA0E0043CFF3 /* PBXTargetDependency */,
			);
			name = SIPUITests;
			productName = SIPUITests;
			productReference = D59ECAF81C93EA0E0043CFF3 /* SIPUITests.xctest */;
			productType = "com.apple.product-type.bundle.ui-testing";
		};
/* End PBXNativeTarget section */

/* Begin PBXProject section */
		D59ECAD11C93EA0D0043CFF3 /* Project object */ = {
			isa = PBXProject;
			attributes = {
				LastSwiftUpdateCheck = 0720;
				LastUpgradeCheck = 0800;
				ORGANIZATIONNAME = CelerStudio;
				TargetAttributes = {
					D59ECAD81C93EA0D0043CFF3 = {
						CreatedOnToolsVersion = 7.2.1;
						DevelopmentTeam = 495XWEJ924;
						LastSwiftMigration = 0800;
					};
					D59ECAEC1C93EA0E0043CFF3 = {
						CreatedOnToolsVersion = 7.2.1;
						DevelopmentTeam = 495XWEJ924;
						LastSwiftMigration = 0800;
						TestTargetID = D59ECAD81C93EA0D0043CFF3;
					};
					D59ECAF71C93EA0E0043CFF3 = {
						CreatedOnToolsVersion = 7.2.1;
						DevelopmentTeam = 495XWEJ924;
						LastSwiftMigration = 0800;
						TestTargetID = D59ECAD81C93EA0D0043CFF3;
					};
				};
			};
			buildConfigurationList = D59ECAD41C93EA0D0043CFF3 /* Build configuration list for PBXProject "SIP" */;
			compatibilityVersion = "Xcode 3.2";
			developmentRegion = English;
			hasScannedForEncodings = 0;
			knownRegions = (
				en,
				Base,
			);
			mainGroup = D59ECAD01C93EA0D0043CFF3;
			productRefGroup = D59ECADA1C93EA0D0043CFF3 /* Products */;
			projectDirPath = "";
			projectRoot = "";
			targets = (
				D59ECAD81C93EA0D0043CFF3 /* SIP */,
				D59ECAEC1C93EA0E0043CFF3 /* SIPTests */,
				D59ECAF71C93EA0E0043CFF3 /* SIPUITests */,
			);
		};
/* End PBXProject section */

/* Begin PBXResourcesBuildPhase section */
		D59ECAD71C93EA0D0043CFF3 /* Resources */ = {
			isa = PBXResourcesBuildPhase;
			buildActionMask = 2147483647;
			files = (
				D59ECAE71C93EA0E0043CFF3 /* LaunchScreen.storyboard in Resources */,
				D5BE48971C9C401E00C36DD4 /* Default.png in Resources */,
				D59ECAE41C93EA0E0043CFF3 /* Assets.xcassets in Resources */,
				D59ECB361C93F1E30043CFF3 /* icon_sip_1024.png in Resources */,
				D5BE48961C9C401E00C36DD4 /* Default-568h@2x.png in Resources */,
				D5BE48981C9C401E00C36DD4 /* Default@2x.png in Resources */,
				D59ECAE21C93EA0D0043CFF3 /* Main.storyboard in Resources */,
			);
			runOnlyForDeploymentPostprocessing = 0;
		};
		D59ECAEB1C93EA0E0043CFF3 /* Resources */ = {
			isa = PBXResourcesBuildPhase;
			buildActionMask = 2147483647;
			files = (
			);
			runOnlyForDeploymentPostprocessing = 0;
		};
		D59ECAF61C93EA0E0043CFF3 /* Resources */ = {
			isa = PBXResourcesBuildPhase;
			buildActionMask = 2147483647;
			files = (
			);
			runOnlyForDeploymentPostprocessing = 0;
		};
/* End PBXResourcesBuildPhase section */

/* Begin PBXShellScriptBuildPhase section */
		2C00AD1F61CEDD55C7AAC86D /* [CP] Check Pods Manifest.lock */ = {
			isa = PBXShellScriptBuildPhase;
			buildActionMask = 2147483647;
			files = (
			);
			inputPaths = (
			);
			name = "[CP] Check Pods Manifest.lock";
			outputPaths = (
			);
			runOnlyForDeploymentPostprocessing = 0;
			shellPath = /bin/sh;
			shellScript = "diff \"${PODS_ROOT}/../Podfile.lock\" \"${PODS_ROOT}/Manifest.lock\" > /dev/null\nif [ $? != 0 ] ; then\n    # print error to STDERR\n    echo \"error: The sandbox is not in sync with the Podfile.lock. Run 'pod install' or update your CocoaPods installation.\" >&2\n    exit 1\nfi\n";
			showEnvVarsInLog = 0;
		};
		AFD07D952FA3D775A5E87E31 /* [CP] Embed Pods Frameworks */ = {
			isa = PBXShellScriptBuildPhase;
			buildActionMask = 2147483647;
			files = (
			);
			inputPaths = (
			);
			name = "[CP] Embed Pods Frameworks";
			outputPaths = (
			);
			runOnlyForDeploymentPostprocessing = 0;
			shellPath = /bin/sh;
			shellScript = "\"${SRCROOT}/Pods/Target Support Files/Pods-SIP/Pods-SIP-frameworks.sh\"\n";
			showEnvVarsInLog = 0;
		};
		D5579D151DDEDC8C0074AA6B /* ShellScript */ = {
			isa = PBXShellScriptBuildPhase;
			buildActionMask = 2147483647;
			files = (
			);
			inputPaths = (
			);
			outputPaths = (
			);
			runOnlyForDeploymentPostprocessing = 0;
			shellPath = /bin/sh;
			shellScript = "${PODS_ROOT}/Fabric/run e50ba22faa93a6114e5977a2daee28eb787a15b8 12fcca6ef52c7e25f5ed38468ca26375f51a6b36c55d3d8c7122c18268535675";
		};
		E84DB2FBA4E6A2895C3E7D0C /* [CP] Copy Pods Resources */ = {
			isa = PBXShellScriptBuildPhase;
			buildActionMask = 2147483647;
			files = (
			);
			inputPaths = (
			);
			name = "[CP] Copy Pods Resources";
			outputPaths = (
			);
			runOnlyForDeploymentPostprocessing = 0;
			shellPath = /bin/sh;
			shellScript = "\"${SRCROOT}/Pods/Target Support Files/Pods-SIP/Pods-SIP-resources.sh\"\n";
			showEnvVarsInLog = 0;
		};
/* End PBXShellScriptBuildPhase section */

/* Begin PBXSourcesBuildPhase section */
		D59ECAD51C93EA0D0043CFF3 /* Sources */ = {
			isa = PBXSourcesBuildPhase;
			buildActionMask = 2147483647;
			files = (
				D59ECADD1C93EA0D0043CFF3 /* AppDelegate.swift in Sources */,
				D59ECB381C93FAA00043CFF3 /* SipCalculatorViewController.swift in Sources */,
			);
			runOnlyForDeploymentPostprocessing = 0;
		};
		D59ECAE91C93EA0E0043CFF3 /* Sources */ = {
			isa = PBXSourcesBuildPhase;
			buildActionMask = 2147483647;
			files = (
				D59ECAF21C93EA0E0043CFF3 /* SIPTests.swift in Sources */,
			);
			runOnlyForDeploymentPostprocessing = 0;
		};
		D59ECAF41C93EA0E0043CFF3 /* Sources */ = {
			isa = PBXSourcesBuildPhase;
			buildActionMask = 2147483647;
			files = (
				D59ECAFD1C93EA0E0043CFF3 /* SIPUITests.swift in Sources */,
			);
			runOnlyForDeploymentPostprocessing = 0;
		};
/* End PBXSourcesBuildPhase section */

/* Begin PBXTargetDependency section */
		D59ECAEF1C93EA0E0043CFF3 /* PBXTargetDependency */ = {
			isa = PBXTargetDependency;
			target = D59ECAD81C93EA0D0043CFF3 /* SIP */;
			targetProxy = D59ECAEE1C93EA0E0043CFF3 /* PBXContainerItemProxy */;
		};
		D59ECAFA1C93EA0E0043CFF3 /* PBXTargetDependency */ = {
			isa = PBXTargetDependency;
			target = D59ECAD81C93EA0D0043CFF3 /* SIP */;
			targetProxy = D59ECAF91C93EA0E0043CFF3 /* PBXContainerItemProxy */;
		};
/* End PBXTargetDependency section */

/* Begin PBXVariantGroup section */
		D59ECAE01C93EA0D0043CFF3 /* Main.storyboard */ = {
			isa = PBXVariantGroup;
			children = (
				D59ECAE11C93EA0D0043CFF3 /* Base */,
			);
			name = Main.storyboard;
			sourceTree = "<group>";
		};
		D59ECAE51C93EA0E0043CFF3 /* LaunchScreen.storyboard */ = {
			isa = PBXVariantGroup;
			children = (
				D59ECAE61C93EA0E0043CFF3 /* Base */,
			);
			name = LaunchScreen.storyboard;
			sourceTree = "<group>";
		};
/* End PBXVariantGroup section */

/* Begin XCBuildConfiguration section */
		D59ECAFF1C93EA0E0043CFF3 /* Debug */ = {
			isa = XCBuildConfiguration;
			buildSettings = {
				ALWAYS_SEARCH_USER_PATHS = NO;
				CLANG_CXX_LANGUAGE_STANDARD = "gnu++0x";
				CLANG_CXX_LIBRARY = "libc++";
				CLANG_ENABLE_MODULES = YES;
				CLANG_ENABLE_OBJC_ARC = YES;
				CLANG_WARN_BOOL_CONVERSION = YES;
				CLANG_WARN_CONSTANT_CONVERSION = YES;
				CLANG_WARN_DIRECT_OBJC_ISA_USAGE = YES_ERROR;
				CLANG_WARN_EMPTY_BODY = YES;
				CLANG_WARN_ENUM_CONVERSION = YES;
				CLANG_WARN_INFINITE_RECURSION = YES;
				CLANG_WARN_INT_CONVERSION = YES;
				CLANG_WARN_OBJC_ROOT_CLASS = YES_ERROR;
				CLANG_WARN_SUSPICIOUS_MOVE = YES;
				CLANG_WARN_UNREACHABLE_CODE = YES;
				CLANG_WARN__DUPLICATE_METHOD_MATCH = YES;
				CODE_SIGN_IDENTITY = "iPhone Distribution: Tirupati Balan (495XWEJ924)";
				"CODE_SIGN_IDENTITY[sdk=iphoneos*]" = "iPhone Distribution: Tirupati Balan (495XWEJ924)";
				COPY_PHASE_STRIP = NO;
				DEBUG_INFORMATION_FORMAT = dwarf;
				DEVELOPMENT_TEAM = 495XWEJ924;
				ENABLE_STRICT_OBJC_MSGSEND = YES;
				ENABLE_TESTABILITY = YES;
				GCC_C_LANGUAGE_STANDARD = gnu99;
				GCC_DYNAMIC_NO_PIC = NO;
				GCC_NO_COMMON_BLOCKS = YES;
				GCC_OPTIMIZATION_LEVEL = 0;
				GCC_PREPROCESSOR_DEFINITIONS = (
					"DEBUG=1",
					"$(inherited)",
				);
				GCC_WARN_64_TO_32_BIT_CONVERSION = YES;
				GCC_WARN_ABOUT_RETURN_TYPE = YES_ERROR;
				GCC_WARN_UNDECLARED_SELECTOR = YES;
				GCC_WARN_UNINITIALIZED_AUTOS = YES_AGGRESSIVE;
				GCC_WARN_UNUSED_FUNCTION = YES;
				GCC_WARN_UNUSED_VARIABLE = YES;
				IPHONEOS_DEPLOYMENT_TARGET = 9.2;
				MTL_ENABLE_DEBUG_INFO = YES;
				ONLY_ACTIVE_ARCH = YES;
				PROVISIONING_PROFILE = "fd94dbe6-809b-4287-9899-bea60db9a877";
				SDKROOT = iphoneos;
				SWIFT_OPTIMIZATION_LEVEL = "-Onone";
			};
			name = Debug;
		};
		D59ECB001C93EA0E0043CFF3 /* Release */ = {
			isa = XCBuildConfiguration;
			buildSettings = {
				ALWAYS_SEARCH_USER_PATHS = NO;
				CLANG_CXX_LANGUAGE_STANDARD = "gnu++0x";
				CLANG_CXX_LIBRARY = "libc++";
				CLANG_ENABLE_MODULES = YES;
				CLANG_ENABLE_OBJC_ARC = YES;
				CLANG_WARN_BOOL_CONVERSION = YES;
				CLANG_WARN_CONSTANT_CONVERSION = YES;
				CLANG_WARN_DIRECT_OBJC_ISA_USAGE = YES_ERROR;
				CLANG_WARN_EMPTY_BODY = YES;
				CLANG_WARN_ENUM_CONVERSION = YES;
				CLANG_WARN_INFINITE_RECURSION = YES;
				CLANG_WARN_INT_CONVERSION = YES;
				CLANG_WARN_OBJC_ROOT_CLASS = YES_ERROR;
				CLANG_WARN_SUSPICIOUS_MOVE = YES;
				CLANG_WARN_UNREACHABLE_CODE = YES;
				CLANG_WARN__DUPLICATE_METHOD_MATCH = YES;
				CODE_SIGN_IDENTITY = "iPhone Distribution: Tirupati Balan (495XWEJ924)";
				"CODE_SIGN_IDENTITY[sdk=iphoneos*]" = "iPhone Distribution: Tirupati Balan (495XWEJ924)";
				COPY_PHASE_STRIP = NO;
				DEBUG_INFORMATION_FORMAT = "dwarf-with-dsym";
				DEVELOPMENT_TEAM = 495XWEJ924;
				ENABLE_NS_ASSERTIONS = NO;
				ENABLE_STRICT_OBJC_MSGSEND = YES;
				GCC_C_LANGUAGE_STANDARD = gnu99;
				GCC_NO_COMMON_BLOCKS = YES;
				GCC_WARN_64_TO_32_BIT_CONVERSION = YES;
				GCC_WARN_ABOUT_RETURN_TYPE = YES_ERROR;
				GCC_WARN_UNDECLARED_SELECTOR = YES;
				GCC_WARN_UNINITIALIZED_AUTOS = YES_AGGRESSIVE;
				GCC_WARN_UNUSED_FUNCTION = YES;
				GCC_WARN_UNUSED_VARIABLE = YES;
				IPHONEOS_DEPLOYMENT_TARGET = 9.2;
				MTL_ENABLE_DEBUG_INFO = NO;
				PROVISIONING_PROFILE = "fd94dbe6-809b-4287-9899-bea60db9a877";
				SDKROOT = iphoneos;
				SWIFT_OPTIMIZATION_LEVEL = "-Owholemodule";
				VALIDATE_PRODUCT = YES;
			};
			name = Release;
		};
		D59ECB021C93EA0E0043CFF3 /* Debug */ = {
			isa = XCBuildConfiguration;
			baseConfigurationReference = 13CB12E0F4F671AF271245B1 /* Pods-SIP.debug.xcconfig */;
			buildSettings = {
				ASSETCATALOG_COMPILER_APPICON_NAME = AppIcon;
				CODE_SIGN_IDENTITY = "iPhone Distribution: Tirupati Balan (495XWEJ924)";
				"CODE_SIGN_IDENTITY[sdk=iphoneos*]" = "iPhone Distribution: Tirupati Balan (495XWEJ924)";
				DEVELOPMENT_TEAM = 495XWEJ924;
				INFOPLIST_FILE = SIP/Info.plist;
				IPHONEOS_DEPLOYMENT_TARGET = 9.0;
				LD_RUNPATH_SEARCH_PATHS = "$(inherited) @executable_path/Frameworks";
				PRODUCT_BUNDLE_IDENTIFIER = com.celerstudio.sip;
				PRODUCT_NAME = "$(TARGET_NAME)";
				PROVISIONING_PROFILE = "fd94dbe6-809b-4287-9899-bea60db9a877";
				PROVISIONING_PROFILE_SPECIFIER = SIP_CALCULATOR_APP_STORE_18_OCT;
				SWIFT_OBJC_BRIDGING_HEADER = "SIP-Bridging-Header.h";
				SWIFT_VERSION = 3.0;
			};
			name = Debug;
		};
		D59ECB031C93EA0E0043CFF3 /* Release */ = {
			isa = XCBuildConfiguration;
			baseConfigurationReference = 9E65EC2407A4F7B95F82C05B /* Pods-SIP.release.xcconfig */;
			buildSettings = {
				ASSETCATALOG_COMPILER_APPICON_NAME = AppIcon;
				CODE_SIGN_IDENTITY = "iPhone Distribution: Tirupati Balan (495XWEJ924)";
				"CODE_SIGN_IDENTITY[sdk=iphoneos*]" = "iPhone Distribution: Tirupati Balan (495XWEJ924)";
				DEVELOPMENT_TEAM = 495XWEJ924;
				INFOPLIST_FILE = SIP/Info.plist;
				IPHONEOS_DEPLOYMENT_TARGET = 9.0;
				LD_RUNPATH_SEARCH_PATHS = "$(inherited) @executable_path/Frameworks";
				PRODUCT_BUNDLE_IDENTIFIER = com.celerstudio.sip;
				PRODUCT_NAME = "$(TARGET_NAME)";
				PROVISIONING_PROFILE = "fd94dbe6-809b-4287-9899-bea60db9a877";
				PROVISIONING_PROFILE_SPECIFIER = SIP_CALCULATOR_APP_STORE_18_OCT;
				SWIFT_OBJC_BRIDGING_HEADER = "SIP-Bridging-Header.h";
				SWIFT_VERSION = 3.0;
			};
			name = Release;
		};
		D59ECB051C93EA0E0043CFF3 /* Debug */ = {
			isa = XCBuildConfiguration;
			buildSettings = {
				BUNDLE_LOADER = "$(TEST_HOST)";
				INFOPLIST_FILE = SIPTests/Info.plist;
				LD_RUNPATH_SEARCH_PATHS = "$(inherited) @executable_path/Frameworks @loader_path/Frameworks";
				PRODUCT_BUNDLE_IDENTIFIER = com.celerstudio.SIPTests;
				PRODUCT_NAME = "$(TARGET_NAME)";
				SWIFT_VERSION = 3.0;
				TEST_HOST = "$(BUILT_PRODUCTS_DIR)/SIP.app/SIP";
			};
			name = Debug;
		};
		D59ECB061C93EA0E0043CFF3 /* Release */ = {
			isa = XCBuildConfiguration;
			buildSettings = {
				BUNDLE_LOADER = "$(TEST_HOST)";
				INFOPLIST_FILE = SIPTests/Info.plist;
				LD_RUNPATH_SEARCH_PATHS = "$(inherited) @executable_path/Frameworks @loader_path/Frameworks";
				PRODUCT_BUNDLE_IDENTIFIER = com.celerstudio.SIPTests;
				PRODUCT_NAME = "$(TARGET_NAME)";
				SWIFT_VERSION = 3.0;
				TEST_HOST = "$(BUILT_PRODUCTS_DIR)/SIP.app/SIP";
			};
			name = Release;
		};
		D59ECB081C93EA0E0043CFF3 /* Debug */ = {
			isa = XCBuildConfiguration;
			buildSettings = {
				INFOPLIST_FILE = SIPUITests/Info.plist;
				LD_RUNPATH_SEARCH_PATHS = "$(inherited) @executable_path/Frameworks @loader_path/Frameworks";
				PRODUCT_BUNDLE_IDENTIFIER = com.celerstudio.SIPUITests;
				PRODUCT_NAME = "$(TARGET_NAME)";
				SWIFT_VERSION = 3.0;
				TEST_TARGET_NAME = SIP;
				USES_XCTRUNNER = YES;
			};
			name = Debug;
		};
		D59ECB091C93EA0E0043CFF3 /* Release */ = {
			isa = XCBuildConfiguration;
			buildSettings = {
				INFOPLIST_FILE = SIPUITests/Info.plist;
				LD_RUNPATH_SEARCH_PATHS = "$(inherited) @executable_path/Frameworks @loader_path/Frameworks";
				PRODUCT_BUNDLE_IDENTIFIER = com.celerstudio.SIPUITests;
				PRODUCT_NAME = "$(TARGET_NAME)";
				SWIFT_VERSION = 3.0;
				TEST_TARGET_NAME = SIP;
				USES_XCTRUNNER = YES;
			};
			name = Release;
		};
/* End XCBuildConfiguration section */

/* Begin XCConfigurationList section */
		D59ECAD41C93EA0D0043CFF3 /* Build configuration list for PBXProject "SIP" */ = {
			isa = XCConfigurationList;
			buildConfigurations = (
				D59ECAFF1C93EA0E0043CFF3 /* Debug */,
				D59ECB001C93EA0E0043CFF3 /* Release */,
			);
			defaultConfigurationIsVisible = 0;
			defaultConfigurationName = Release;
		};
		D59ECB011C93EA0E0043CFF3 /* Build configuration list for PBXNativeTarget "SIP" */ = {
			isa = XCConfigurationList;
			buildConfigurations = (
				D59ECB021C93EA0E0043CFF3 /* Debug */,
				D59ECB031C93EA0E0043CFF3 /* Release */,
			);
			defaultConfigurationIsVisible = 0;
			defaultConfigurationName = Release;
		};
		D59ECB041C93EA0E0043CFF3 /* Build configuration list for PBXNativeTarget "SIPTests" */ = {
			isa = XCConfigurationList;
			buildConfigurations = (
				D59ECB051C93EA0E0043CFF3 /* Debug */,
				D59ECB061C93EA0E0043CFF3 /* Release */,
			);
			defaultConfigurationIsVisible = 0;
			defaultConfigurationName = Release;
		};
		D59ECB071C93EA0E0043CFF3 /* Build configuration list for PBXNativeTarget "SIPUITests" */ = {
			isa = XCConfigurationList;
			buildConfigurations = (
				D59ECB081C93EA0E0043CFF3 /* Debug */,
				D59ECB091C93EA0E0043CFF3 /* Release */,
			);
			defaultConfigurationIsVisible = 0;
			defaultConfigurationName = Release;
		};
/* End XCConfigurationList section */
	};
	rootObject = D59ECAD11C93EA0D0043CFF3 /* Project object */;
}
