// !$*UTF8*$!
{
	archiveVersion = 1;
	classes = {
	};
	objectVersion = 56;
	objects = {

/* Begin PBXBuildFile section */
		D53ECEA52A127D7500639BDB /* AppDelegate.swift in Sources */ = {isa = PBXBuildFile; fileRef = D53ECEA42A127D7500639BDB /* AppDelegate.swift */; };
		D53ECEA72A127D7500639BDB /* SceneDelegate.swift in Sources */ = {isa = PBXBuildFile; fileRef = D53ECEA62A127D7500639BDB /* SceneDelegate.swift */; };
		D53ECEA92A127D7500639BDB /* SIPViewController.swift in Sources */ = {isa = PBXBuildFile; fileRef = D53ECEA82A127D7500639BDB /* SIPViewController.swift */; };
		D53ECEAC2A127D7500639BDB /* Main.storyboard in Resources */ = {isa = PBXBuildFile; fileRef = D53ECEAA2A127D7500639BDB /* Main.storyboard */; };
		D53ECEAF2A127D7500639BDB /* SIP.xcdatamodeld in Sources */ = {isa = PBXBuildFile; fileRef = D53ECEAD2A127D7500639BDB /* SIP.xcdatamodeld */; };
		D53ECEB12A127D7500639BDB /* Assets.xcassets in Resources */ = {isa = PBXBuildFile; fileRef = D53ECEB02A127D7500639BDB /* Assets.xcassets */; };
		D53ECEB42A127D7500639BDB /* LaunchScreen.storyboard in Resources */ = {isa = PBXBuildFile; fileRef = D53ECEB22A127D7500639BDB /* LaunchScreen.storyboard */; };
		D53ECEBF2A127D7600639BDB /* SIPTests.swift in Sources */ = {isa = PBXBuildFile; fileRef = D53ECEBE2A127D7600639BDB /* SIPTests.swift */; };
		D53ECEC92A127D7600639BDB /* SIPUITests.swift in Sources */ = {isa = PBXBuildFile; fileRef = D53ECEC82A127D7600639BDB /* SIPUITests.swift */; };
		D53ECECB2A127D7600639BDB /* SIPUITestsLaunchTests.swift in Sources */ = {isa = PBXBuildFile; fileRef = D53ECECA2A127D7600639BDB /* SIPUITestsLaunchTests.swift */; };
		D53ECED92A127DCF00639BDB /* SwiftRater in Frameworks */ = {isa = PBXBuildFile; productRef = D53ECED82A127DCF00639BDB /* SwiftRater */; };
		D53ECEDC2A127DDE00639BDB /* SFSymbol in Frameworks */ = {isa = PBXBuildFile; productRef = D53ECEDB2A127DDE00639BDB /* SFSymbol */; };
		D53ECEDF2A127E3B00639BDB /* FirebaseAnalyticsSwift in Frameworks */ = {isa = PBXBuildFile; productRef = D53ECEDE2A127E3B00639BDB /* FirebaseAnalyticsSwift */; };
		D53ECEE12A127E3B00639BDB /* FirebaseCrashlytics in Frameworks */ = {isa = PBXBuildFile; productRef = D53ECEE02A127E3B00639BDB /* FirebaseCrashlytics */; };
/* End PBXBuildFile section */

/* Begin PBXContainerItemProxy section */
		D53ECEBB2A127D7600639BDB /* PBXContainerItemProxy */ = {
			isa = PBXContainerItemProxy;
			containerPortal = D53ECE992A127D7500639BDB /* Project object */;
			proxyType = 1;
			remoteGlobalIDString = D53ECEA02A127D7500639BDB;
			remoteInfo = SIP;
		};
		D53ECEC52A127D7600639BDB /* PBXContainerItemProxy */ = {
			isa = PBXContainerItemProxy;
			containerPortal = D53ECE992A127D7500639BDB /* Project object */;
			proxyType = 1;
			remoteGlobalIDString = D53ECEA02A127D7500639BDB;
			remoteInfo = SIP;
		};
/* End PBXContainerItemProxy section */

/* Begin PBXFileReference section */
		D53ECEA12A127D7500639BDB /* SIP.app */ = {isa = PBXFileReference; explicitFileType = wrapper.application; includeInIndex = 0; path = SIP.app; sourceTree = BUILT_PRODUCTS_DIR; };
		D53ECEA42A127D7500639BDB /* AppDelegate.swift */ = {isa = PBXFileReference; lastKnownFileType = sourcecode.swift; path = AppDelegate.swift; sourceTree = "<group>"; };
		D53ECEA62A127D7500639BDB /* SceneDelegate.swift */ = {isa = PBXFileReference; lastKnownFileType = sourcecode.swift; path = SceneDelegate.swift; sourceTree = "<group>"; };
		D53ECEA82A127D7500639BDB /* SIPViewController.swift */ = {isa = PBXFileReference; lastKnownFileType = sourcecode.swift; path = SIPViewController.swift; sourceTree = "<group>"; };
		D53ECEAB2A127D7500639BDB /* Base */ = {isa = PBXFileReference; lastKnownFileType = file.storyboard; name = Base; path = Base.lproj/Main.storyboard; sourceTree = "<group>"; };
		D53ECEAE2A127D7500639BDB /* SIP.xcdatamodel */ = {isa = PBXFileReference; lastKnownFileType = wrapper.xcdatamodel; path = SIP.xcdatamodel; sourceTree = "<group>"; };
		D53ECEB02A127D7500639BDB /* Assets.xcassets */ = {isa = PBXFileReference; lastKnownFileType = folder.assetcatalog; path = Assets.xcassets; sourceTree = "<group>"; };
		D53ECEB32A127D7500639BDB /* Base */ = {isa = PBXFileReference; lastKnownFileType = file.storyboard; name = Base; path = Base.lproj/LaunchScreen.storyboard; sourceTree = "<group>"; };
		D53ECEB52A127D7500639BDB /* Info.plist */ = {isa = PBXFileReference; lastKnownFileType = text.plist.xml; path = Info.plist; sourceTree = "<group>"; };
		D53ECEBA2A127D7600639BDB /* SIPTests.xctest */ = {isa = PBXFileReference; explicitFileType = wrapper.cfbundle; includeInIndex = 0; path = SIPTests.xctest; sourceTree = BUILT_PRODUCTS_DIR; };
		D53ECEBE2A127D7600639BDB /* SIPTests.swift */ = {isa = PBXFileReference; lastKnownFileType = sourcecode.swift; path = SIPTests.swift; sourceTree = "<group>"; };
		D53ECEC42A127D7600639BDB /* SIPUITests.xctest */ = {isa = PBXFileReference; explicitFileType = wrapper.cfbundle; includeInIndex = 0; path = SIPUITests.xctest; sourceTree = BUILT_PRODUCTS_DIR; };
		D53ECEC82A127D7600639BDB /* SIPUITests.swift */ = {isa = PBXFileReference; lastKnownFileType = sourcecode.swift; path = SIPUITests.swift; sourceTree = "<group>"; };
		D53ECECA2A127D7600639BDB /* SIPUITestsLaunchTests.swift */ = {isa = PBXFileReference; lastKnownFileType = sourcecode.swift; path = SIPUITestsLaunchTests.swift; sourceTree = "<group>"; };
/* End PBXFileReference section */

/* Begin PBXFrameworksBuildPhase section */
		D53ECE9E2A127D7500639BDB /* Frameworks */ = {
			isa = PBXFrameworksBuildPhase;
			buildActionMask = 2147483647;
			files = (
				D53ECEDF2A127E3B00639BDB /* FirebaseAnalyticsSwift in Frameworks */,
				D53ECEE12A127E3B00639BDB /* FirebaseCrashlytics in Frameworks */,
				D53ECED92A127DCF00639BDB /* SwiftRater in Frameworks */,
				D53ECEDC2A127DDE00639BDB /* SFSymbol in Frameworks */,
			);
			runOnlyForDeploymentPostprocessing = 0;
		};
		D53ECEB72A127D7600639BDB /* Frameworks */ = {
			isa = PBXFrameworksBuildPhase;
			buildActionMask = 2147483647;
			files = (
			);
			runOnlyForDeploymentPostprocessing = 0;
		};
		D53ECEC12A127D7600639BDB /* Frameworks */ = {
			isa = PBXFrameworksBuildPhase;
			buildActionMask = 2147483647;
			files = (
			);
			runOnlyForDeploymentPostprocessing = 0;
		};
/* End PBXFrameworksBuildPhase section */

/* Begin PBXGroup section */
		D53ECE982A127D7500639BDB = {
			isa = PBXGroup;
			children = (
				D53ECEA32A127D7500639BDB /* SIP */,
				D53ECEBD2A127D7600639BDB /* SIPTests */,
				D53ECEC72A127D7600639BDB /* SIPUITests */,
				D53ECEA22A127D7500639BDB /* Products */,
			);
			sourceTree = "<group>";
		};
		D53ECEA22A127D7500639BDB /* Products */ = {
			isa = PBXGroup;
			children = (
				D53ECEA12A127D7500639BDB /* SIP.app */,
				D53ECEBA2A127D7600639BDB /* SIPTests.xctest */,
				D53ECEC42A127D7600639BDB /* SIPUITests.xctest */,
			);
			name = Products;
			sourceTree = "<group>";
		};
		D53ECEA32A127D7500639BDB /* SIP */ = {
			isa = PBXGroup;
			children = (
				D53ECEA42A127D7500639BDB /* AppDelegate.swift */,
				D53ECEA62A127D7500639BDB /* SceneDelegate.swift */,
				D53ECEA82A127D7500639BDB /* SIPViewController.swift */,
				D53ECEAA2A127D7500639BDB /* Main.storyboard */,
				D53ECEB02A127D7500639BDB /* Assets.xcassets */,
				D53ECEB22A127D7500639BDB /* LaunchScreen.storyboard */,
				D53ECEB52A127D7500639BDB /* Info.plist */,
				D53ECEAD2A127D7500639BDB /* SIP.xcdatamodeld */,
			);
			path = SIP;
			sourceTree = "<group>";
		};
		D53ECEBD2A127D7600639BDB /* SIPTests */ = {
			isa = PBXGroup;
			children = (
				D53ECEBE2A127D7600639BDB /* SIPTests.swift */,
			);
			path = SIPTests;
			sourceTree = "<group>";
		};
		D53ECEC72A127D7600639BDB /* SIPUITests */ = {
			isa = PBXGroup;
			children = (
				D53ECEC82A127D7600639BDB /* SIPUITests.swift */,
				D53ECECA2A127D7600639BDB /* SIPUITestsLaunchTests.swift */,
			);
			path = SIPUITests;
			sourceTree = "<group>";
		};
/* End PBXGroup section */

/* Begin PBXNativeTarget section */
		D53ECEA02A127D7500639BDB /* SIP */ = {
			isa = PBXNativeTarget;
			buildConfigurationList = D53ECECE2A127D7600639BDB /* Build configuration list for PBXNativeTarget "SIP" */;
			buildPhases = (
				D53ECE9D2A127D7500639BDB /* Sources */,
				D53ECE9E2A127D7500639BDB /* Frameworks */,
				D53ECE9F2A127D7500639BDB /* Resources */,
			);
			buildRules = (
			);
			dependencies = (
			);
			name = SIP;
			packageProductDependencies = (
				D53ECED82A127DCF00639BDB /* SwiftRater */,
				D53ECEDB2A127DDE00639BDB /* SFSymbol */,
				D53ECEDE2A127E3B00639BDB /* FirebaseAnalyticsSwift */,
				D53ECEE02A127E3B00639BDB /* FirebaseCrashlytics */,
			);
			productName = SIP;
			productReference = D53ECEA12A127D7500639BDB /* SIP.app */;
			productType = "com.apple.product-type.application";
		};
		D53ECEB92A127D7600639BDB /* SIPTests */ = {
			isa = PBXNativeTarget;
			buildConfigurationList = D53ECED12A127D7600639BDB /* Build configuration list for PBXNativeTarget "SIPTests" */;
			buildPhases = (
				D53ECEB62A127D7600639BDB /* Sources */,
				D53ECEB72A127D7600639BDB /* Frameworks */,
				D53ECEB82A127D7600639BDB /* Resources */,
			);
			buildRules = (
			);
			dependencies = (
				D53ECEBC2A127D7600639BDB /* PBXTargetDependency */,
			);
			name = SIPTests;
			productName = SIPTests;
			productReference = D53ECEBA2A127D7600639BDB /* SIPTests.xctest */;
			productType = "com.apple.product-type.bundle.unit-test";
		};
		D53ECEC32A127D7600639BDB /* SIPUITests */ = {
			isa = PBXNativeTarget;
			buildConfigurationList = D53ECED42A127D7600639BDB /* Build configuration list for PBXNativeTarget "SIPUITests" */;
			buildPhases = (
				D53ECEC02A127D7600639BDB /* Sources */,
				D53ECEC12A127D7600639BDB /* Frameworks */,
				D53ECEC22A127D7600639BDB /* Resources */,
			);
			buildRules = (
			);
			dependencies = (
				D53ECEC62A127D7600639BDB /* PBXTargetDependency */,
			);
			name = SIPUITests;
			productName = SIPUITests;
			productReference = D53ECEC42A127D7600639BDB /* SIPUITests.xctest */;
			productType = "com.apple.product-type.bundle.ui-testing";
		};
/* End PBXNativeTarget section */

/* Begin PBXProject section */
		D53ECE992A127D7500639BDB /* Project object */ = {
			isa = PBXProject;
			attributes = {
				BuildIndependentTargetsInParallel = 1;
				LastSwiftUpdateCheck = 1430;
				LastUpgradeCheck = 1430;
				TargetAttributes = {
					D53ECEA02A127D7500639BDB = {
						CreatedOnToolsVersion = 14.3;
					};
					D53ECEB92A127D7600639BDB = {
						CreatedOnToolsVersion = 14.3;
						TestTargetID = D53ECEA02A127D7500639BDB;
					};
					D53ECEC32A127D7600639BDB = {
						CreatedOnToolsVersion = 14.3;
						TestTargetID = D53ECEA02A127D7500639BDB;
					};
				};
			};
			buildConfigurationList = D53ECE9C2A127D7500639BDB /* Build configuration list for PBXProject "SIP" */;
			compatibilityVersion = "Xcode 14.0";
			developmentRegion = en;
			hasScannedForEncodings = 0;
			knownRegions = (
				en,
				Base,
			);
			mainGroup = D53ECE982A127D7500639BDB;
			packageReferences = (
				D53ECED72A127DCF00639BDB /* XCRemoteSwiftPackageReference "SwiftRater" */,
				D53ECEDA2A127DDE00639BDB /* XCRemoteSwiftPackageReference "SFSymbol" */,
				D53ECEDD2A127E3B00639BDB /* XCRemoteSwiftPackageReference "firebase-ios-sdk" */,
			);
			productRefGroup = D53ECEA22A127D7500639BDB /* Products */;
			projectDirPath = "";
			projectRoot = "";
			targets = (
				D53ECEA02A127D7500639BDB /* SIP */,
				D53ECEB92A127D7600639BDB /* SIPTests */,
				D53ECEC32A127D7600639BDB /* SIPUITests */,
			);
		};
/* End PBXProject section */

/* Begin PBXResourcesBuildPhase section */
		D53ECE9F2A127D7500639BDB /* Resources */ = {
			isa = PBXResourcesBuildPhase;
			buildActionMask = 2147483647;
			files = (
				D53ECEB42A127D7500639BDB /* LaunchScreen.storyboard in Resources */,
				D53ECEB12A127D7500639BDB /* Assets.xcassets in Resources */,
				D53ECEAC2A127D7500639BDB /* Main.storyboard in Resources */,
			);
			runOnlyForDeploymentPostprocessing = 0;
		};
		D53ECEB82A127D7600639BDB /* Resources */ = {
			isa = PBXResourcesBuildPhase;
			buildActionMask = 2147483647;
			files = (
			);
			runOnlyForDeploymentPostprocessing = 0;
		};
		D53ECEC22A127D7600639BDB /* Resources */ = {
			isa = PBXResourcesBuildPhase;
			buildActionMask = 2147483647;
			files = (
			);
			runOnlyForDeploymentPostprocessing = 0;
		};
/* End PBXResourcesBuildPhase section */

/* Begin PBXSourcesBuildPhase section */
		D53ECE9D2A127D7500639BDB /* Sources */ = {
			isa = PBXSourcesBuildPhase;
			buildActionMask = 2147483647;
			files = (
				D53ECEAF2A127D7500639BDB /* SIP.xcdatamodeld in Sources */,
				D53ECEA92A127D7500639BDB /* SIPViewController.swift in Sources */,
				D53ECEA52A127D7500639BDB /* AppDelegate.swift in Sources */,
				D53ECEA72A127D7500639BDB /* SceneDelegate.swift in Sources */,
			);
			runOnlyForDeploymentPostprocessing = 0;
		};
		D53ECEB62A127D7600639BDB /* Sources */ = {
			isa = PBXSourcesBuildPhase;
			buildActionMask = 2147483647;
			files = (
				D53ECEBF2A127D7600639BDB /* SIPTests.swift in Sources */,
			);
			runOnlyForDeploymentPostprocessing = 0;
		};
		D53ECEC02A127D7600639BDB /* Sources */ = {
			isa = PBXSourcesBuildPhase;
			buildActionMask = 2147483647;
			files = (
				D53ECEC92A127D7600639BDB /* SIPUITests.swift in Sources */,
				D53ECECB2A127D7600639BDB /* SIPUITestsLaunchTests.swift in Sources */,
			);
			runOnlyForDeploymentPostprocessing = 0;
		};
/* End PBXSourcesBuildPhase section */

/* Begin PBXTargetDependency section */
		D53ECEBC2A127D7600639BDB /* PBXTargetDependency */ = {
			isa = PBXTargetDependency;
			target = D53ECEA02A127D7500639BDB /* SIP */;
			targetProxy = D53ECEBB2A127D7600639BDB /* PBXContainerItemProxy */;
		};
		D53ECEC62A127D7600639BDB /* PBXTargetDependency */ = {
			isa = PBXTargetDependency;
			target = D53ECEA02A127D7500639BDB /* SIP */;
			targetProxy = D53ECEC52A127D7600639BDB /* PBXContainerItemProxy */;
		};
/* End PBXTargetDependency section */

/* Begin PBXVariantGroup section */
		D53ECEAA2A127D7500639BDB /* Main.storyboard */ = {
			isa = PBXVariantGroup;
			children = (
				D53ECEAB2A127D7500639BDB /* Base */,
			);
			name = Main.storyboard;
			sourceTree = "<group>";
		};
		D53ECEB22A127D7500639BDB /* LaunchScreen.storyboard */ = {
			isa = PBXVariantGroup;
			children = (
				D53ECEB32A127D7500639BDB /* Base */,
			);
			name = LaunchScreen.storyboard;
			sourceTree = "<group>";
		};
/* End PBXVariantGroup section */

/* Begin XCBuildConfiguration section */
		D53ECECC2A127D7600639BDB /* Debug */ = {
			isa = XCBuildConfiguration;
			buildSettings = {
				ALWAYS_SEARCH_USER_PATHS = NO;
				CLANG_ANALYZER_NONNULL = YES;
				CLANG_ANALYZER_NUMBER_OBJECT_CONVERSION = YES_AGGRESSIVE;
				CLANG_CXX_LANGUAGE_STANDARD = "gnu++20";
				CLANG_ENABLE_MODULES = YES;
				CLANG_ENABLE_OBJC_ARC = YES;
				CLANG_ENABLE_OBJC_WEAK = YES;
				CLANG_WARN_BLOCK_CAPTURE_AUTORELEASING = YES;
				CLANG_WARN_BOOL_CONVERSION = YES;
				CLANG_WARN_COMMA = YES;
				CLANG_WARN_CONSTANT_CONVERSION = YES;
				CLANG_WARN_DEPRECATED_OBJC_IMPLEMENTATIONS = YES;
				CLANG_WARN_DIRECT_OBJC_ISA_USAGE = YES_ERROR;
				CLANG_WARN_DOCUMENTATION_COMMENTS = YES;
				CLANG_WARN_EMPTY_BODY = YES;
				CLANG_WARN_ENUM_CONVERSION = YES;
				CLANG_WARN_INFINITE_RECURSION = YES;
				CLANG_WARN_INT_CONVERSION = YES;
				CLANG_WARN_NON_LITERAL_NULL_CONVERSION = YES;
				CLANG_WARN_OBJC_IMPLICIT_RETAIN_SELF = YES;
				CLANG_WARN_OBJC_LITERAL_CONVERSION = YES;
				CLANG_WARN_OBJC_ROOT_CLASS = YES_ERROR;
				CLANG_WARN_QUOTED_INCLUDE_IN_FRAMEWORK_HEADER = YES;
				CLANG_WARN_RANGE_LOOP_ANALYSIS = YES;
				CLANG_WARN_STRICT_PROTOTYPES = YES;
				CLANG_WARN_SUSPICIOUS_MOVE = YES;
				CLANG_WARN_UNGUARDED_AVAILABILITY = YES_AGGRESSIVE;
				CLANG_WARN_UNREACHABLE_CODE = YES;
				CLANG_WARN__DUPLICATE_METHOD_MATCH = YES;
				COPY_PHASE_STRIP = NO;
				DEBUG_INFORMATION_FORMAT = dwarf;
				ENABLE_STRICT_OBJC_MSGSEND = YES;
				ENABLE_TESTABILITY = YES;
				GCC_C_LANGUAGE_STANDARD = gnu11;
				GCC_DYNAMIC_NO_PIC = NO;
				GCC_NO_COMMON_BLOCKS = YES;
				GCC_OPTIMIZATION_LEVEL = 0;
				GCC_PREPROCESSOR_DEFINITIONS = (
					"DEBUG=1",
					"$(inherited)",
				);
				GCC_WARN_64_TO_32_BIT_CONVERSION = YES;
				GCC_WARN_ABOUT_RETURN_TYPE = YES_ERROR;
				GCC_WARN_UNDECLARED_SELECTOR = YES;
				GCC_WARN_UNINITIALIZED_AUTOS = YES_AGGRESSIVE;
				GCC_WARN_UNUSED_FUNCTION = YES;
				GCC_WARN_UNUSED_VARIABLE = YES;
				IPHONEOS_DEPLOYMENT_TARGET = 16.4;
				MTL_ENABLE_DEBUG_INFO = INCLUDE_SOURCE;
				MTL_FAST_MATH = YES;
				ONLY_ACTIVE_ARCH = YES;
				SDKROOT = iphoneos;
				SWIFT_ACTIVE_COMPILATION_CONDITIONS = DEBUG;
				SWIFT_OPTIMIZATION_LEVEL = "-Onone";
			};
			name = Debug;
		};
		D53ECECD2A127D7600639BDB /* Release */ = {
			isa = XCBuildConfiguration;
			buildSettings = {
				ALWAYS_SEARCH_USER_PATHS = NO;
				CLANG_ANALYZER_NONNULL = YES;
				CLANG_ANALYZER_NUMBER_OBJECT_CONVERSION = YES_AGGRESSIVE;
				CLANG_CXX_LANGUAGE_STANDARD = "gnu++20";
				CLANG_ENABLE_MODULES = YES;
				CLANG_ENABLE_OBJC_ARC = YES;
				CLANG_ENABLE_OBJC_WEAK = YES;
				CLANG_WARN_BLOCK_CAPTURE_AUTORELEASING = YES;
				CLANG_WARN_BOOL_CONVERSION = YES;
				CLANG_WARN_COMMA = YES;
				CLANG_WARN_CONSTANT_CONVERSION = YES;
				CLANG_WARN_DEPRECATED_OBJC_IMPLEMENTATIONS = YES;
				CLANG_WARN_DIRECT_OBJC_ISA_USAGE = YES_ERROR;
				CLANG_WARN_DOCUMENTATION_COMMENTS = YES;
				CLANG_WARN_EMPTY_BODY = YES;
				CLANG_WARN_ENUM_CONVERSION = YES;
				CLANG_WARN_INFINITE_RECURSION = YES;
				CLANG_WARN_INT_CONVERSION = YES;
				CLANG_WARN_NON_LITERAL_NULL_CONVERSION = YES;
				CLANG_WARN_OBJC_IMPLICIT_RETAIN_SELF = YES;
				CLANG_WARN_OBJC_LITERAL_CONVERSION = YES;
				CLANG_WARN_OBJC_ROOT_CLASS = YES_ERROR;
				CLANG_WARN_QUOTED_INCLUDE_IN_FRAMEWORK_HEADER = YES;
				CLANG_WARN_RANGE_LOOP_ANALYSIS = YES;
				CLANG_WARN_STRICT_PROTOTYPES = YES;
				CLANG_WARN_SUSPICIOUS_MOVE = YES;
				CLANG_WARN_UNGUARDED_AVAILABILITY = YES_AGGRESSIVE;
				CLANG_WARN_UNREACHABLE_CODE = YES;
				CLANG_WARN__DUPLICATE_METHOD_MATCH = YES;
				COPY_PHASE_STRIP = NO;
				DEBUG_INFORMATION_FORMAT = "dwarf-with-dsym";
				ENABLE_NS_ASSERTIONS = NO;
				ENABLE_STRICT_OBJC_MSGSEND = YES;
				GCC_C_LANGUAGE_STANDARD = gnu11;
				GCC_NO_COMMON_BLOCKS = YES;
				GCC_WARN_64_TO_32_BIT_CONVERSION = YES;
				GCC_WARN_ABOUT_RETURN_TYPE = YES_ERROR;
				GCC_WARN_UNDECLARED_SELECTOR = YES;
				GCC_WARN_UNINITIALIZED_AUTOS = YES_AGGRESSIVE;
				GCC_WARN_UNUSED_FUNCTION = YES;
				GCC_WARN_UNUSED_VARIABLE = YES;
				IPHONEOS_DEPLOYMENT_TARGET = 16.4;
				MTL_ENABLE_DEBUG_INFO = NO;
				MTL_FAST_MATH = YES;
				SDKROOT = iphoneos;
				SWIFT_COMPILATION_MODE = wholemodule;
				SWIFT_OPTIMIZATION_LEVEL = "-O";
				VALIDATE_PRODUCT = YES;
			};
			name = Release;
		};
		D53ECECF2A127D7600639BDB /* Debug */ = {
			isa = XCBuildConfiguration;
			buildSettings = {
				ASSETCATALOG_COMPILER_APPICON_NAME = AppIcon;
				ASSETCATALOG_COMPILER_GLOBAL_ACCENT_COLOR_NAME = AccentColor;
				CODE_SIGN_STYLE = Automatic;
				CURRENT_PROJECT_VERSION = 1;
				DEVELOPMENT_TEAM = 495XWEJ924;
				GENERATE_INFOPLIST_FILE = YES;
				INFOPLIST_FILE = SIP/Info.plist;
				INFOPLIST_KEY_UIApplicationSupportsIndirectInputEvents = YES;
				INFOPLIST_KEY_UILaunchStoryboardName = LaunchScreen;
				INFOPLIST_KEY_UIMainStoryboardFile = Main;
				INFOPLIST_KEY_UISupportedInterfaceOrientations_iPad = "UIInterfaceOrientationPortrait UIInterfaceOrientationPortraitUpsideDown UIInterfaceOrientationLandscapeLeft UIInterfaceOrientationLandscapeRight";
				INFOPLIST_KEY_UISupportedInterfaceOrientations_iPhone = "UIInterfaceOrientationPortrait UIInterfaceOrientationLandscapeLeft UIInterfaceOrientationLandscapeRight";
				IPHONEOS_DEPLOYMENT_TARGET = 16.0;
				LD_RUNPATH_SEARCH_PATHS = (
					"$(inherited)",
					"@executable_path/Frameworks",
				);
				MARKETING_VERSION = 1.0;
				PRODUCT_BUNDLE_IDENTIFIER = com.celerstudio.sip;
				PRODUCT_NAME = "$(TARGET_NAME)";
				SWIFT_EMIT_LOC_STRINGS = YES;
				SWIFT_VERSION = 5.0;
				TARGETED_DEVICE_FAMILY = "1,2";
			};
			name = Debug;
		};
		D53ECED02A127D7600639BDB /* Release */ = {
			isa = XCBuildConfiguration;
			buildSettings = {
				ASSETCATALOG_COMPILER_APPICON_NAME = AppIcon;
				ASSETCATALOG_COMPILER_GLOBAL_ACCENT_COLOR_NAME = AccentColor;
				CODE_SIGN_STYLE = Automatic;
				CURRENT_PROJECT_VERSION = 1;
				DEVELOPMENT_TEAM = 495XWEJ924;
				GENERATE_INFOPLIST_FILE = YES;
				INFOPLIST_FILE = SIP/Info.plist;
				INFOPLIST_KEY_UIApplicationSupportsIndirectInputEvents = YES;
				INFOPLIST_KEY_UILaunchStoryboardName = LaunchScreen;
				INFOPLIST_KEY_UIMainStoryboardFile = Main;
				INFOPLIST_KEY_UISupportedInterfaceOrientations_iPad = "UIInterfaceOrientationPortrait UIInterfaceOrientationPortraitUpsideDown UIInterfaceOrientationLandscapeLeft UIInterfaceOrientationLandscapeRight";
				INFOPLIST_KEY_UISupportedInterfaceOrientations_iPhone = "UIInterfaceOrientationPortrait UIInterfaceOrientationLandscapeLeft UIInterfaceOrientationLandscapeRight";
				IPHONEOS_DEPLOYMENT_TARGET = 16.0;
				LD_RUNPATH_SEARCH_PATHS = (
					"$(inherited)",
					"@executable_path/Frameworks",
				);
				MARKETING_VERSION = 1.0;
				PRODUCT_BUNDLE_IDENTIFIER = com.celerstudio.sip;
				PRODUCT_NAME = "$(TARGET_NAME)";
				SWIFT_EMIT_LOC_STRINGS = YES;
				SWIFT_VERSION = 5.0;
				TARGETED_DEVICE_FAMILY = "1,2";
			};
			name = Release;
		};
		D53ECED22A127D7600639BDB /* Debug */ = {
			isa = XCBuildConfiguration;
			buildSettings = {
				ALWAYS_EMBED_SWIFT_STANDARD_LIBRARIES = YES;
				BUNDLE_LOADER = "$(TEST_HOST)";
				CODE_SIGN_STYLE = Automatic;
				CURRENT_PROJECT_VERSION = 1;
				DEVELOPMENT_TEAM = 495XWEJ924;
				GENERATE_INFOPLIST_FILE = YES;
				IPHONEOS_DEPLOYMENT_TARGET = 16.4;
				MARKETING_VERSION = 1.0;
				PRODUCT_BUNDLE_IDENTIFIER = com.celerstudio.SIPTests;
				PRODUCT_NAME = "$(TARGET_NAME)";
				SWIFT_EMIT_LOC_STRINGS = NO;
				SWIFT_VERSION = 5.0;
				TARGETED_DEVICE_FAMILY = "1,2";
				TEST_HOST = "$(BUILT_PRODUCTS_DIR)/SIP.app/$(BUNDLE_EXECUTABLE_FOLDER_PATH)/SIP";
			};
			name = Debug;
		};
		D53ECED32A127D7600639BDB /* Release */ = {
			isa = XCBuildConfiguration;
			buildSettings = {
				ALWAYS_EMBED_SWIFT_STANDARD_LIBRARIES = YES;
				BUNDLE_LOADER = "$(TEST_HOST)";
				CODE_SIGN_STYLE = Automatic;
				CURRENT_PROJECT_VERSION = 1;
				DEVELOPMENT_TEAM = 495XWEJ924;
				GENERATE_INFOPLIST_FILE = YES;
				IPHONEOS_DEPLOYMENT_TARGET = 16.4;
				MARKETING_VERSION = 1.0;
				PRODUCT_BUNDLE_IDENTIFIER = com.celerstudio.SIPTests;
				PRODUCT_NAME = "$(TARGET_NAME)";
				SWIFT_EMIT_LOC_STRINGS = NO;
				SWIFT_VERSION = 5.0;
				TARGETED_DEVICE_FAMILY = "1,2";
				TEST_HOST = "$(BUILT_PRODUCTS_DIR)/SIP.app/$(BUNDLE_EXECUTABLE_FOLDER_PATH)/SIP";
			};
			name = Release;
		};
		D53ECED52A127D7600639BDB /* Debug */ = {
			isa = XCBuildConfiguration;
			buildSettings = {
				ALWAYS_EMBED_SWIFT_STANDARD_LIBRARIES = YES;
				CODE_SIGN_STYLE = Automatic;
				CURRENT_PROJECT_VERSION = 1;
				DEVELOPMENT_TEAM = 495XWEJ924;
				GENERATE_INFOPLIST_FILE = YES;
				MARKETING_VERSION = 1.0;
				PRODUCT_BUNDLE_IDENTIFIER = com.celerstudio.SIPUITests;
				PRODUCT_NAME = "$(TARGET_NAME)";
				SWIFT_EMIT_LOC_STRINGS = NO;
				SWIFT_VERSION = 5.0;
				TARGETED_DEVICE_FAMILY = "1,2";
				TEST_TARGET_NAME = SIP;
			};
			name = Debug;
		};
		D53ECED62A127D7600639BDB /* Release */ = {
			isa = XCBuildConfiguration;
			buildSettings = {
				ALWAYS_EMBED_SWIFT_STANDARD_LIBRARIES = YES;
				CODE_SIGN_STYLE = Automatic;
				CURRENT_PROJECT_VERSION = 1;
				DEVELOPMENT_TEAM = 495XWEJ924;
				GENERATE_INFOPLIST_FILE = YES;
				MARKETING_VERSION = 1.0;
				PRODUCT_BUNDLE_IDENTIFIER = com.celerstudio.SIPUITests;
				PRODUCT_NAME = "$(TARGET_NAME)";
				SWIFT_EMIT_LOC_STRINGS = NO;
				SWIFT_VERSION = 5.0;
				TARGETED_DEVICE_FAMILY = "1,2";
				TEST_TARGET_NAME = SIP;
			};
			name = Release;
		};
/* End XCBuildConfiguration section */

/* Begin XCConfigurationList section */
		D53ECE9C2A127D7500639BDB /* Build configuration list for PBXProject "SIP" */ = {
			isa = XCConfigurationList;
			buildConfigurations = (
				D53ECECC2A127D7600639BDB /* Debug */,
				D53ECECD2A127D7600639BDB /* Release */,
			);
			defaultConfigurationIsVisible = 0;
			defaultConfigurationName = Release;
		};
		D53ECECE2A127D7600639BDB /* Build configuration list for PBXNativeTarget "SIP" */ = {
			isa = XCConfigurationList;
			buildConfigurations = (
				D53ECECF2A127D7600639BDB /* Debug */,
				D53ECED02A127D7600639BDB /* Release */,
			);
			defaultConfigurationIsVisible = 0;
			defaultConfigurationName = Release;
		};
		D53ECED12A127D7600639BDB /* Build configuration list for PBXNativeTarget "SIPTests" */ = {
			isa = XCConfigurationList;
			buildConfigurations = (
				D53ECED22A127D7600639BDB /* Debug */,
				D53ECED32A127D7600639BDB /* Release */,
			);
			defaultConfigurationIsVisible = 0;
			defaultConfigurationName = Release;
		};
		D53ECED42A127D7600639BDB /* Build configuration list for PBXNativeTarget "SIPUITests" */ = {
			isa = XCConfigurationList;
			buildConfigurations = (
				D53ECED52A127D7600639BDB /* Debug */,
				D53ECED62A127D7600639BDB /* Release */,
			);
			defaultConfigurationIsVisible = 0;
			defaultConfigurationName = Release;
		};
/* End XCConfigurationList section */

/* Begin XCRemoteSwiftPackageReference section */
		D53ECED72A127DCF00639BDB /* XCRemoteSwiftPackageReference "SwiftRater" */ = {
			isa = XCRemoteSwiftPackageReference;
			repositoryURL = "https://github.com/takecian/SwiftRater";
			requirement = {
				kind = upToNextMajorVersion;
				minimumVersion = 2.0.0;
			};
		};
		D53ECEDA2A127DDE00639BDB /* XCRemoteSwiftPackageReference "SFSymbol" */ = {
			isa = XCRemoteSwiftPackageReference;
			repositoryURL = "https://github.com/Nirma/SFSymbol";
			requirement = {
				kind = upToNextMajorVersion;
				minimumVersion = 2.0.0;
			};
		};
		D53ECEDD2A127E3B00639BDB /* XCRemoteSwiftPackageReference "firebase-ios-sdk" */ = {
			isa = XCRemoteSwiftPackageReference;
			repositoryURL = "https://github.com/firebase/firebase-ios-sdk";
			requirement = {
				kind = upToNextMajorVersion;
				minimumVersion = 10.0.0;
			};
		};
/* End XCRemoteSwiftPackageReference section */

/* Begin XCSwiftPackageProductDependency section */
		D53ECED82A127DCF00639BDB /* SwiftRater */ = {
			isa = XCSwiftPackageProductDependency;
			package = D53ECED72A127DCF00639BDB /* XCRemoteSwiftPackageReference "SwiftRater" */;
			productName = SwiftRater;
		};
		D53ECEDB2A127DDE00639BDB /* SFSymbol */ = {
			isa = XCSwiftPackageProductDependency;
			package = D53ECEDA2A127DDE00639BDB /* XCRemoteSwiftPackageReference "SFSymbol" */;
			productName = SFSymbol;
		};
		D53ECEDE2A127E3B00639BDB /* FirebaseAnalyticsSwift */ = {
			isa = XCSwiftPackageProductDependency;
			package = D53ECEDD2A127E3B00639BDB /* XCRemoteSwiftPackageReference "firebase-ios-sdk" */;
			productName = FirebaseAnalyticsSwift;
		};
		D53ECEE02A127E3B00639BDB /* FirebaseCrashlytics */ = {
			isa = XCSwiftPackageProductDependency;
			package = D53ECEDD2A127E3B00639BDB /* XCRemoteSwiftPackageReference "firebase-ios-sdk" */;
			productName = FirebaseCrashlytics;
		};
/* End XCSwiftPackageProductDependency section */

/* Begin XCVersionGroup section */
		D53ECEAD2A127D7500639BDB /* SIP.xcdatamodeld */ = {
			isa = XCVersionGroup;
			children = (
				D53ECEAE2A127D7500639BDB /* SIP.xcdatamodel */,
			);
			currentVersion = D53ECEAE2A127D7500639BDB /* SIP.xcdatamodel */;
			path = SIP.xcdatamodeld;
			sourceTree = "<group>";
			versionGroupType = wrapper.xcdatamodel;
		};
/* End XCVersionGroup section */
	};
	rootObject = D53ECE992A127D7500639BDB /* Project object */;
}
